{
  "name": "@thzero/library_client_service_rest_axios",
  "version": "0.14.9",
  "lockfileVersion": 1,
  "requires": true,
  "dependencies": {
    "@thzero/library_cli": {
      "version": "0.13.20",
      "resolved": "https://registry.npmjs.org/@thzero/library_cli/-/library_cli-0.13.20.tgz",
      "integrity": "sha512-n4JLyVYEO6IlMrySKXqx1Ul1g/pkwqIpsKh+vUln0ACryNwLr6fQ/IWXhtJsIXGSnAwH4a8Vn0I7OXWSMfKnjQ==",
      "dev": true,
      "requires": {
        "dayjs": "^1.10.7",
        "dayjs-plugin-utc": "^0.1.2",
        "esm": "^3.2.25",
        "minimist": "^1.2.5",
        "nanoid": "^3.1.29",
        "short-uuid": "^4.2.0"
      }
    },
    "@thzero/library_client": {
      "version": "0.14.19",
      "resolved": "https://registry.npmjs.org/@thzero/library_client/-/library_client-0.14.19.tgz",
      "integrity": "sha512-Mrx8qZQaJ8unvmHWVBSQHivIteToGNspQchEt4raRwuudv640jvvTY0jQpu5UJjUlN9uhlznubTVWngHjpGXqA==",
      "requires": {
        "easy-rbac": "^3.1.1",
        "esm": "^3.2.25",
        "highlight.js": "^11.2.0",
        "marked": "^3.0.7",
        "mitt": "^3.0.0"
      }
    },
    "@thzero/library_common": {
      "version": "0.14.3",
      "resolved": "https://registry.npmjs.org/@thzero/library_common/-/library_common-0.14.3.tgz",
      "integrity": "sha512-eA7vB6lKahFqZW1rhhSxQBLlTOezfIurinHW6t2SzDT3mUCHenqgNF4TFl9qKzPTMZlzLL6L/FHXsIKf7D3jTg==",
      "requires": {
        "dayjs": "^1.10.7",
        "dayjs-plugin-utc": "^0.1.2",
        "lodash": "^4.17.21",
        "short-uuid": "^4.2.0",
        "uuid": "^8.3.2"
      }
    },
    "any-base": {
      "version": "1.1.0",
      "resolved": "https://registry.npmjs.org/any-base/-/any-base-1.1.0.tgz",
      "integrity": "sha512-uMgjozySS8adZZYePpaWs8cxB9/kdzmpX6SgJZ+wbz1K5eYk5QMYDVJaZKhxyIHUdnnJkfR7SVgStgH7LkGUyg=="
    },
    "axios": {
      "version": "0.21.2",
      "resolved": "https://registry.npmjs.org/axios/-/axios-0.21.2.tgz",
      "integrity": "sha512-87otirqUw3e8CzHTMO+/9kh/FSgXt/eVDvipijwDtEuwbkySWZ9SBm6VEubmJ/kLKEoLQV/POhxXFb66bfekfg==",
      "requires": {
        "follow-redirects": "^1.14.0"
      }
    },
    "dayjs": {
      "version": "1.10.7",
      "resolved": "https://registry.npmjs.org/dayjs/-/dayjs-1.10.7.tgz",
      "integrity": "sha512-P6twpd70BcPK34K26uJ1KT3wlhpuOAPoMwJzpsIWUxHZ7wpmbdZL/hQqBDfz7hGurYSa5PhzdhDHtt319hL3ig=="
    },
    "dayjs-plugin-utc": {
      "version": "0.1.2",
      "resolved": "https://registry.npmjs.org/dayjs-plugin-utc/-/dayjs-plugin-utc-0.1.2.tgz",
      "integrity": "sha512-ExERH5o3oo6jFOdkvMP3gytTCQ9Ksi5PtylclJWghr7k7m3o2U5QrwtdiJkOxLOH4ghr0EKhpqGefzGz1VvVJg=="
    },
    "debug": {
      "version": "2.6.9",
      "resolved": "https://registry.npmjs.org/debug/-/debug-2.6.9.tgz",
      "integrity": "sha512-bC7ElrdJaJnPbAP+1EotYvqZsb3ecl5wi6Bfi6BJTUcNowp6cvspg0jXznRTKDjm/E7AdgFBVeAPVMNcKGsHMA==",
      "requires": {
        "ms": "2.0.0"
      }
    },
    "easy-rbac": {
      "version": "3.1.1",
      "resolved": "https://registry.npmjs.org/easy-rbac/-/easy-rbac-3.1.1.tgz",
      "integrity": "sha512-6o6iEfnrfTQjf3Vs8Hd4PYvvxiAv+QL2J7xaCNUlIh5JulqohFhez32Ye1j57g5osyhr5cx857x8MbwrYWnc1Q==",
      "requires": {
        "debug": "^2.2.0"
      }
    },
    "esm": {
      "version": "3.2.25",
      "resolved": "https://registry.npmjs.org/esm/-/esm-3.2.25.tgz",
      "integrity": "sha512-U1suiZ2oDVWv4zPO56S0NcR5QriEahGtdN2OR6FiOG4WJvcjBVFB0qI4+eKoWFH483PKGuLuu6V8Z4T5g63UVA=="
    },
    "follow-redirects": {
      "version": "1.14.4",
      "resolved": "https://registry.npmjs.org/follow-redirects/-/follow-redirects-1.14.4.tgz",
      "integrity": "sha512-zwGkiSXC1MUJG/qmeIFH2HBJx9u0V46QGUe3YR1fXG8bXQxq7fLj0RjLZQ5nubr9qNJUZrH+xUcwXEoXNpfS+g=="
    },
    "highlight.js": {
      "version": "11.2.0",
      "resolved": "https://registry.npmjs.org/highlight.js/-/highlight.js-11.2.0.tgz",
      "integrity": "sha512-JOySjtOEcyG8s4MLR2MNbLUyaXqUunmSnL2kdV/KuGJOmHZuAR5xC54Ko7goAXBWNhf09Vy3B+U7vR62UZ/0iw=="
    },
    "lodash": {
      "version": "4.17.21",
      "resolved": "https://registry.npmjs.org/lodash/-/lodash-4.17.21.tgz",
      "integrity": "sha512-v2kDEe57lecTulaDIuNTPy3Ry4gLGJ6Z1O3vE1krgXZNrsQ+LFTGHVxVjcXPs17LhbZVGedAJv8XZ1tvj5FvSg=="
    },
    "marked": {
      "version": "3.0.7",
      "resolved": "https://registry.npmjs.org/marked/-/marked-3.0.7.tgz",
      "integrity": "sha512-ctKqbnLuNbsHbI26cfMyOlKgXGfl1orOv1AvWWDX7AkgfMOwCWvmuYc+mVLeWhQ9W6hdWVBynOs96VkcscKo0Q=="
    },
    "minimist": {
      "version": "1.2.5",
      "resolved": "https://registry.npmjs.org/minimist/-/minimist-1.2.5.tgz",
      "integrity": "sha512-FM9nNUYrRBAELZQT3xeZQ7fmMOBg6nWNmJKTcgsJeaLstP/UODVpGsr5OhXhhXg6f+qtJ8uiZ+PUxkDWcgIXLw==",
      "dev": true
    },
    "mitt": {
      "version": "3.0.0",
      "resolved": "https://registry.npmjs.org/mitt/-/mitt-3.0.0.tgz",
      "integrity": "sha512-7dX2/10ITVyqh4aOSVI9gdape+t9l2/8QxHrFmUXu4EEUpdlxl6RudZUPZoc+zuY2hk1j7XxVroIVIan/pD/SQ=="
    },
    "ms": {
      "version": "2.0.0",
      "resolved": "https://registry.npmjs.org/ms/-/ms-2.0.0.tgz",
      "integrity": "sha1-VgiurfwAvmwpAd9fmGF4jeDVl8g="
    },
    "nanoid": {
      "version": "3.1.29",
      "resolved": "https://registry.npmjs.org/nanoid/-/nanoid-3.1.29.tgz",
      "integrity": "sha512-dW2pUSGZ8ZnCFIlBIA31SV8huOGCHb6OwzVCc7A69rb/a+SgPBwfmLvK5TKQ3INPbRkcI8a/Owo0XbiTNH19wg==",
      "dev": true
    },
    "short-uuid": {
      "version": "4.2.0",
      "resolved": "https://registry.npmjs.org/short-uuid/-/short-uuid-4.2.0.tgz",
      "integrity": "sha512-r3cxuPPZSuF0QkKsK9bBR7u+7cwuCRzWzgjPh07F5N2iIUNgblnMHepBY16xgj5t1lG9iOP9k/TEafY1qhRzaw==",
      "requires": {
        "any-base": "^1.1.0",
        "uuid": "^8.3.2"
      }
    },
    "uuid": {
      "version": "8.3.2",
      "resolved": "https://registry.npmjs.org/uuid/-/uuid-8.3.2.tgz",
      "integrity": "sha512-+NYs2QeMWy+GWFOEm9xnn6HCDp0l7QBD7ml8zLUmJ+93Q5NF0NocErnwkTkXVFNiX3/fpC6afS8Dhb/gz7R7eg=="
    }
  }
}
